// !$*UTF8*$!
{
	archiveVersion = 1;
	classes = {
	};
	objectVersion = 46;
	objects = {

/* Begin PBXBuildFile section */
		D0CEDDAF1F19C5B2001B5125 /* AppDelegate.swift in Sources */ = {isa = PBXBuildFile; fileRef = D0CEDDAE1F19C5B2001B5125 /* AppDelegate.swift */; };
		D0CEDDB11F19C5B2001B5125 /* ViewController.swift in Sources */ = {isa = PBXBuildFile; fileRef = D0CEDDB01F19C5B2001B5125 /* ViewController.swift */; };
		D0CEDDB41F19C5B2001B5125 /* Main.storyboard in Resources */ = {isa = PBXBuildFile; fileRef = D0CEDDB21F19C5B2001B5125 /* Main.storyboard */; };
		D0CEDDB61F19C5B2001B5125 /* Assets.xcassets in Resources */ = {isa = PBXBuildFile; fileRef = D0CEDDB51F19C5B2001B5125 /* Assets.xcassets */; };
		D0CEDDB91F19C5B2001B5125 /* LaunchScreen.storyboard in Resources */ = {isa = PBXBuildFile; fileRef = D0CEDDB71F19C5B2001B5125 /* LaunchScreen.storyboard */; };
		D0CEDDC11F19C5D2001B5125 /* YGHorizontalView.swift in Sources */ = {isa = PBXBuildFile; fileRef = D0CEDDC01F19C5D2001B5125 /* YGHorizontalView.swift */; };
/* End PBXBuildFile section */

/* Begin PBXFileReference section */
		D0CEDDAB1F19C5B2001B5125 /* test.app */ = {isa = PBXFileReference; explicitFileType = wrapper.application; includeInIndex = 0; path = test.app; sourceTree = BUILT_PRODUCTS_DIR; };
		D0CEDDAE1F19C5B2001B5125 /* AppDelegate.swift */ = {isa = PBXFileReference; lastKnownFileType = sourcecode.swift; path = AppDelegate.swift; sourceTree = "<group>"; };
		D0CEDDB01F19C5B2001B5125 /* ViewController.swift */ = {isa = PBXFileReference; lastKnownFileType = sourcecode.swift; path = ViewController.swift; sourceTree = "<group>"; };
		D0CEDDB31F19C5B2001B5125 /* Base */ = {isa = PBXFileReference; lastKnownFileType = file.storyboard; name = Base; path = Base.lproj/Main.storyboard; sourceTree = "<group>"; };
		D0CEDDB51F19C5B2001B5125 /* Assets.xcassets */ = {isa = PBXFileReference; lastKnownFileType = folder.assetcatalog; path = Assets.xcassets; sourceTree = "<group>"; };
		D0CEDDB81F19C5B2001B5125 /* Base */ = {isa = PBXFileReference; lastKnownFileType = file.storyboard; name = Base; path = Base.lproj/LaunchScreen.storyboard; sourceTree = "<group>"; };
		D0CEDDBA1F19C5B2001B5125 /* Info.plist */ = {isa = PBXFileReference; lastKnownFileType = text.plist.xml; path = Info.plist; sourceTree = "<group>"; };
		D0CEDDC01F19C5D2001B5125 /* YGHorizontalView.swift */ = {isa = PBXFileReference; fileEncoding = 4; lastKnownFileType = sourcecode.swift; path = YGHorizontalView.swift; sourceTree = "<group>"; };
/* End PBXFileReference section */

/* Begin PBXFrameworksBuildPhase section */
		D0CEDDA81F19C5B2001B5125 /* Frameworks */ = {
			isa = PBXFrameworksBuildPhase;
			buildActionMask = 2147483647;
			files = (
			);
			runOnlyForDeploymentPostprocessing = 0;
		};
/* End PBXFrameworksBuildPhase section */

/* Begin PBXGroup section */
		D0CEDDA21F19C5B2001B5125 = {
			isa = PBXGroup;
			children = (
				D0CEDDAD1F19C5B2001B5125 /* test */,
				D0CEDDAC1F19C5B2001B5125 /* Products */,
			);
			sourceTree = "<group>";
		};
		D0CEDDAC1F19C5B2001B5125 /* Products */ = {
			isa = PBXGroup;
			children = (
				D0CEDDAB1F19C5B2001B5125 /* test.app */,
			);
			name = Products;
			sourceTree = "<group>";
		};
		D0CEDDAD1F19C5B2001B5125 /* test */ = {
			isa = PBXGroup;
			children = (
				D0CEDDC01F19C5D2001B5125 /* YGHorizontalView.swift */,
				D0CEDDAE1F19C5B2001B5125 /* AppDelegate.swift */,
				D0CEDDB01F19C5B2001B5125 /* ViewController.swift */,
				D0CEDDB21F19C5B2001B5125 /* Main.storyboard */,
				D0CEDDB51F19C5B2001B5125 /* Assets.xcassets */,
				D0CEDDB71F19C5B2001B5125 /* LaunchScreen.storyboard */,
				D0CEDDBA1F19C5B2001B5125 /* Info.plist */,
			);
			path = test;
			sourceTree = "<group>";
		};
/* End PBXGroup section */

/* Begin PBXNativeTarget section */
		D0CEDDAA1F19C5B2001B5125 /* test */ = {
			isa = PBXNativeTarget;
			buildConfigurationList = D0CEDDBD1F19C5B2001B5125 /* Build configuration list for PBXNativeTarget "test" */;
			buildPhases = (
				D0CEDDA71F19C5B2001B5125 /* Sources */,
				D0CEDDA81F19C5B2001B5125 /* Frameworks */,
				D0CEDDA91F19C5B2001B5125 /* Resources */,
			);
			buildRules = (
			);
			dependencies = (
			);
			name = test;
			productName = test;
			productReference = D0CEDDAB1F19C5B2001B5125 /* test.app */;
			productType = "com.apple.product-type.application";
		};
/* End PBXNativeTarget section */

/* Begin PBXProject section */
		D0CEDDA31F19C5B2001B5125 /* Project object */ = {
			isa = PBXProject;
			attributes = {
				LastSwiftUpdateCheck = 0830;
				LastUpgradeCheck = 0830;
				ORGANIZATIONNAME = liwei;
				TargetAttributes = {
					D0CEDDAA1F19C5B2001B5125 = {
						CreatedOnToolsVersion = 8.3.3;
						ProvisioningStyle = Automatic;
					};
				};
			};
			buildConfigurationList = D0CEDDA61F19C5B2001B5125 /* Build configuration list for PBXProject "test" */;
			compatibilityVersion = "Xcode 3.2";
			developmentRegion = English;
			hasScannedForEncodings = 0;
			knownRegions = (
				en,
				Base,
			);
			mainGroup = D0CEDDA21F19C5B2001B5125;
			productRefGroup = D0CEDDAC1F19C5B2001B5125 /* Products */;
			projectDirPath = "";
			projectRoot = "";
			targets = (
				D0CEDDAA1F19C5B2001B5125 /* test */,
			);
		};
/* End PBXProject section */

/* Begin PBXResourcesBuildPhase section */
		D0CEDDA91F19C5B2001B5125 /* Resources */ = {
			isa = PBXResourcesBuildPhase;
			buildActionMask = 2147483647;
			files = (
				D0CEDDB91F19C5B2001B5125 /* LaunchScreen.storyboard in Resources */,
				D0CEDDB61F19C5B2001B5125 /* Assets.xcassets in Resources */,
				D0CEDDB41F19C5B2001B5125 /* Main.storyboard in Resources */,
			);
			runOnlyForDeploymentPostprocessing = 0;
		};
/* End PBXResourcesBuildPhase section */

/* Begin PBXSourcesBuildPhase section */
		D0CEDDA71F19C5B2001B5125 /* Sources */ = {
			isa = PBXSourcesBuildPhase;
			buildActionMask = 2147483647;
			files = (
				D0CEDDC11F19C5D2001B5125 /* YGHorizontalView.swift in Sources */,
				D0CEDDB11F19C5B2001B5125 /* ViewController.swift in Sources */,
				D0CEDDAF1F19C5B2001B5125 /* AppDelegate.swift in Sources */,
			);
			runOnlyForDeploymentPostprocessing = 0;
		};
/* End PBXSourcesBuildPhase section */

/* Begin PBXVariantGroup section */
		D0CEDDB21F19C5B2001B5125 /* Main.storyboard */ = {
			isa = PBXVariantGroup;
			children = (
				D0CEDDB31F19C5B2001B5125 /* Base */,
			);
			name = Main.storyboard;
			sourceTree = "<group>";
		};
		D0CEDDB71F19C5B2001B5125 /* LaunchScreen.storyboard */ = {
			isa = PBXVariantGroup;
			children = (
				D0CEDDB81F19C5B2001B5125 /* Base */,
			);
			name = LaunchScreen.storyboard;
			sourceTree = "<group>";
		};
/* End PBXVariantGroup section */

/* Begin XCBuildConfiguration section */
		D0CEDDBB1F19C5B2001B5125 /* Debug */ = {
			isa = XCBuildConfiguration;
			buildSettings = {
				ALWAYS_SEARCH_USER_PATHS = NO;
				CLANG_ANALYZER_NONNULL = YES;
				CLANG_ANALYZER_NUMBER_OBJECT_CONVERSION = YES_AGGRESSIVE;
				CLANG_CXX_LANGUAGE_STANDARD = "gnu++0x";
				CLANG_CXX_LIBRARY = "libc++";
				CLANG_ENABLE_MODULES = YES;
				CLANG_ENABLE_OBJC_ARC = YES;
				CLANG_WARN_BOOL_CONVERSION = YES;
				CLANG_WARN_CONSTANT_CONVERSION = YES;
				CLANG_WARN_DIRECT_OBJC_ISA_USAGE = YES_ERROR;
				CLANG_WARN_DOCUMENTATION_COMMENTS = YES;
				CLANG_WARN_EMPTY_BODY = YES;
				CLANG_WARN_ENUM_CONVERSION = YES;
				CLANG_WARN_INFINITE_RECURSION = YES;
				CLANG_WARN_INT_CONVERSION = YES;
				CLANG_WARN_OBJC_ROOT_CLASS = YES_ERROR;
				CLANG_WARN_SUSPICIOUS_MOVE = YES;
				CLANG_WARN_UNREACHABLE_CODE = YES;
				CLANG_WARN__DUPLICATE_METHOD_MATCH = YES;
				"CODE_SIGN_IDENTITY[sdk=iphoneos*]" = "iPhone Developer";
				COPY_PHASE_STRIP = NO;
				DEBUG_INFORMATION_FORMAT = dwarf;
				ENABLE_STRICT_OBJC_MSGSEND = YES;
				ENABLE_TESTABILITY = YES;
				GCC_C_LANGUAGE_STANDARD = gnu99;
				GCC_DYNAMIC_NO_PIC = NO;
				GCC_NO_COMMON_BLOCKS = YES;
				GCC_OPTIMIZATION_LEVEL = 0;
				GCC_PREPROCESSOR_DEFINITIONS = (
					"DEBUG=1",
					"$(inherited)",
				);
				GCC_WARN_64_TO_32_BIT_CONVERSION = YES;
				GCC_WARN_ABOUT_RETURN_TYPE = YES_ERROR;
				GCC_WARN_UNDECLARED_SELECTOR = YES;
				GCC_WARN_UNINITIALIZED_AUTOS = YES_AGGRESSIVE;
				GCC_WARN_UNUSED_FUNCTION = YES;
				GCC_WARN_UNUSED_VARIABLE = YES;
				IPHONEOS_DEPLOYMENT_TARGET = 10.3;
				MTL_ENABLE_DEBUG_INFO = YES;
				ONLY_ACTIVE_ARCH = YES;
				SDKROOT = iphoneos;
				SWIFT_ACTIVE_COMPILATION_CONDITIONS = DEBUG;
				SWIFT_OPTIMIZATION_LEVEL = "-Onone";
				TARGETED_DEVICE_FAMILY = "1,2";
			};
			name = Debug;
		};
		D0CEDDBC1F19C5B2001B5125 /* Release */ = {
			isa = XCBuildConfiguration;
			buildSettings = {
				ALWAYS_SEARCH_USER_PATHS = NO;
				CLANG_ANALYZER_NONNULL = YES;
				CLANG_ANALYZER_NUMBER_OBJECT_CONVERSION = YES_AGGRESSIVE;
				CLANG_CXX_LANGUAGE_STANDARD = "gnu++0x";
				CLANG_CXX_LIBRARY = "libc++";
				CLANG_ENABLE_MODULES = YES;
				CLANG_ENABLE_OBJC_ARC = YES;
				CLANG_WARN_BOOL_CONVERSION = YES;
				CLANG_WARN_CONSTANT_CONVERSION = YES;
				CLANG_WARN_DIRECT_OBJC_ISA_USAGE = YES_ERROR;
				CLANG_WARN_DOCUMENTATION_COMMENTS = YES;
				CLANG_WARN_EMPTY_BODY = YES;
				CLANG_WARN_ENUM_CONVERSION = YES;
				CLANG_WARN_INFINITE_RECURSION = YES;
				CLANG_WARN_INT_CONVERSION = YES;
				CLANG_WARN_OBJC_ROOT_CLASS = YES_ERROR;
				CLANG_WARN_SUSPICIOUS_MOVE = YES;
				CLANG_WARN_UNREACHABLE_CODE = YES;
				CLANG_WARN__DUPLICATE_METHOD_MATCH = YES;
				"CODE_SIGN_IDENTITY[sdk=iphoneos*]" = "iPhone Developer";
				COPY_PHASE_STRIP = NO;
				DEBUG_INFORMATION_FORMAT = "dwarf-with-dsym";
				ENABLE_NS_ASSERTIONS = NO;
				ENABLE_STRICT_OBJC_MSGSEND = YES;
				GCC_C_LANGUAGE_STANDARD = gnu99;
				GCC_NO_COMMON_BLOCKS = YES;
				GCC_WARN_64_TO_32_BIT_CONVERSION = YES;
				GCC_WARN_ABOUT_RETURN_TYPE = YES_ERROR;
				GCC_WARN_UNDECLARED_SELECTOR = YES;
				GCC_WARN_UNINITIALIZED_AUTOS = YES_AGGRESSIVE;
				GCC_WARN_UNUSED_FUNCTION = YES;
				GCC_WARN_UNUSED_VARIABLE = YES;
				IPHONEOS_DEPLOYMENT_TARGET = 10.3;
				MTL_ENABLE_DEBUG_INFO = NO;
				SDKROOT = iphoneos;
				SWIFT_OPTIMIZATION_LEVEL = "-Owholemodule";
				TARGETED_DEVICE_FAMILY = "1,2";
				VALIDATE_PRODUCT = YES;
			};
			name = Release;
		};
		D0CEDDBE1F19C5B2001B5125 /* Debug */ = {
			isa = XCBuildConfiguration;
			buildSettings = {
				ASSETCATALOG_COMPILER_APPICON_NAME = AppIcon;
				INFOPLIST_FILE = test/Info.plist;
				LD_RUNPATH_SEARCH_PATHS = "$(inherited) @executable_path/Frameworks";
				PRODUCT_BUNDLE_IDENTIFIER = com.liwei.test;
				PRODUCT_NAME = "$(TARGET_NAME)";
				SWIFT_VERSION = 3.0;
			};
			name = Debug;
		};
		D0CEDDBF1F19C5B2001B5125 /* Release */ = {
			isa = XCBuildConfiguration;
			buildSettings = {
				ASSETCATALOG_COMPILER_APPICON_NAME = AppIcon;
				INFOPLIST_FILE = test/Info.plist;
				LD_RUNPATH_SEARCH_PATHS = "$(inherited) @executable_path/Frameworks";
				PRODUCT_BUNDLE_IDENTIFIER = com.liwei.test;
				PRODUCT_NAME = "$(TARGET_NAME)";
				SWIFT_VERSION = 3.0;
			};
			name = Release;
		};
/* End XCBuildConfiguration section */

/* Begin XCConfigurationList section */
		D0CEDDA61F19C5B2001B5125 /* Build configuration list for PBXProject "test" */ = {
			isa = XCConfigurationList;
			buildConfigurations = (
				D0CEDDBB1F19C5B2001B5125 /* Debug */,
				D0CEDDBC1F19C5B2001B5125 /* Release */,
			);
			defaultConfigurationIsVisible = 0;
			defaultConfigurationName = Release;
		};
		D0CEDDBD1F19C5B2001B5125 /* Build configuration list for PBXNativeTarget "test" */ = {
			isa = XCConfigurationList;
			buildConfigurations = (
				D0CEDDBE1F19C5B2001B5125 /* Debug */,
				D0CEDDBF1F19C5B2001B5125 /* Release */,
			);
			defaultConfigurationIsVisible = 0;
		};
/* End XCConfigurationList section */
	};
	rootObject = D0CEDDA31F19C5B2001B5125 /* Project object */;
}
